
Microsoft Visual Studio Solution File, Format Version 12.00
# Visual Studio Version 16
VisualStudioVersion = 16.0.31129.286
MinimumVisualStudioVersion = 10.0.40219.1
Project("{FAE04EC0-301F-11D3-BF4B-00C04F79EFBC}") = "DesarolloCundecinos", "DesarolloCundecinos\DesarolloCundecinos.csproj", "{5F7F05C0-3C8A-4A7E-B13C-EE6A1F3646D5}"
EndProject
Global
	GlobalSection(SolutionConfigurationPlatforms) = preSolution
		Debug|Any CPU = Debug|Any CPU
		Release|Any CPU = Release|Any CPU
	EndGlobalSection
	GlobalSection(ProjectConfigurationPlatforms) = postSolution
		{5F7F05C0-3C8A-4A7E-B13C-EE6A1F3646D5}.Debug|Any CPU.ActiveCfg = Debug|Any CPU
		{5F7F05C0-3C8A-4A7E-B13C-EE6A1F3646D5}.Debug|Any CPU.Build.0 = Debug|Any CPU
		{5F7F05C0-3C8A-4A7E-B13C-EE6A1F3646D5}.Release|Any CPU.ActiveCfg = Release|Any CPU
		{5F7F05C0-3C8A-4A7E-B13C-EE6A1F3646D5}.Release|Any CPU.Build.0 = Release|Any CPU
	EndGlobalSection
	GlobalSection(SolutionProperties) = preSolution
		HideSolutionNode = FALSE
	EndGlobalSection
	GlobalSection(ExtensibilityGlobals) = postSolution
		SolutionGuid = {19621AB7-BAAB-477B-9CE1-B3296BCA3DD5}
	EndGlobalSection
EndGlobal
